# THIS IS AN AUTOGENERATED FILE. DO NOT EDIT THIS FILE DIRECTLY.
# yarn lockfile v1


"@tabler/icons@^2.30":
  version "2.30.0"
  resolved "https://registry.yarnpkg.com/@tabler/icons/-/icons-2.30.0.tgz#4ea3c4da56fd5653bb9d0be0dc7feaa33602555c"
  integrity sha512-tvtmkI4ALjKThVVORh++sB9JnkFY7eGInKxNy+Df7WVQiF7T85tlvGADzlgX4Ic+CK5MIUzZ0jhOlQ/RRlgXpg==
